Microsoft Visual Studio Solution File, Format Version 12.00
# Visual Studio Version 17
VisualStudioVersion = 17.5.2.0
MinimumVisualStudioVersion = 10.0.40219.1
Project("{FAE04EC0-301F-11D3-BF4B-00C04F79EFBC}") = "RecordUserAction", "RecordUserAction.csproj", "{BCA5E25E-E7E5-2D3B-D525-6226B6CBDFD5}"
EndProject
Global
	GlobalSection(SolutionConfigurationPlatforms) = preSolution
		Debug|Any CPU = Debug|Any CPU
		Release|Any CPU = Release|Any CPU
	EndGlobalSection
	GlobalSection(ProjectConfigurationPlatforms) = postSolution
		{BCA5E25E-E7E5-2D3B-D525-6226B6CBDFD5}.Debug|Any CPU.ActiveCfg = Debug|Any CPU
		{BCA5E25E-E7E5-2D3B-D525-6226B6CBDFD5}.Debug|Any CPU.Build.0 = Debug|Any CPU
		{BCA5E25E-E7E5-2D3B-D525-6226B6CBDFD5}.Release|Any CPU.ActiveCfg = Release|Any CPU
		{BCA5E25E-E7E5-2D3B-D525-6226B6CBDFD5}.Release|Any CPU.Build.0 = Release|Any CPU
	EndGlobalSection
	GlobalSection(SolutionProperties) = preSolution
		HideSolutionNode = FALSE
	EndGlobalSection
	GlobalSection(ExtensibilityGlobals) = postSolution
		SolutionGuid = {EFD32FFC-52B9-4849-B6EC-43F61F23771E}
	EndGlobalSection
EndGlobal
